
Microsoft Visual Studio Solution File, Format Version 12.00
# Visual Studio 2012
Project("{FAE04EC0-301F-11D3-BF4B-00C04F79EFBC}") = "Converter", "Converter\Converter.csproj", "{C4A86C7D-B08B-40DF-A5A1-AC700BF1440B}"
EndProject
Project("{FAE04EC0-301F-11D3-BF4B-00C04F79EFBC}") = "Converter.Tests", "Converter.Tests\Converter.Tests.csproj", "{5ED985D5-BBB5-47CA-9C2C-DCD4BF3B7B15}"
EndProject
Global
	GlobalSection(SolutionConfigurationPlatforms) = preSolution
		Debug|Any CPU = Debug|Any CPU
		Release|Any CPU = Release|Any CPU
	EndGlobalSection
	GlobalSection(ProjectConfigurationPlatforms) = postSolution
		{C4A86C7D-B08B-40DF-A5A1-AC700BF1440B}.Debug|Any CPU.ActiveCfg = Debug|Any CPU
		{C4A86C7D-B08B-40DF-A5A1-AC700BF1440B}.Debug|Any CPU.Build.0 = Debug|Any CPU
		{C4A86C7D-B08B-40DF-A5A1-AC700BF1440B}.Release|Any CPU.ActiveCfg = Release|Any CPU
		{C4A86C7D-B08B-40DF-A5A1-AC700BF1440B}.Release|Any CPU.Build.0 = Release|Any CPU
		{5ED985D5-BBB5-47CA-9C2C-DCD4BF3B7B15}.Debug|Any CPU.ActiveCfg = Debug|Any CPU
		{5ED985D5-BBB5-47CA-9C2C-DCD4BF3B7B15}.Debug|Any CPU.Build.0 = Debug|Any CPU
		{5ED985D5-BBB5-47CA-9C2C-DCD4BF3B7B15}.Release|Any CPU.ActiveCfg = Release|Any CPU
		{5ED985D5-BBB5-47CA-9C2C-DCD4BF3B7B15}.Release|Any CPU.Build.0 = Release|Any CPU
	EndGlobalSection
	GlobalSection(SolutionProperties) = preSolution
		HideSolutionNode = FALSE
	EndGlobalSection
EndGlobal
